// !$*UTF8*$!
{
	archiveVersion = 1;
	classes = {
	};
	objectVersion = 50;
	objects = {

/* Begin PBXBuildFile section */
		E83CC0FF25F793CE00CEB6BB /* AppDelegate.swift in Sources */ = {isa = PBXBuildFile; fileRef = E83CC0FE25F793CE00CEB6BB /* AppDelegate.swift */; };
		E83CC10125F793CE00CEB6BB /* SceneDelegate.swift in Sources */ = {isa = PBXBuildFile; fileRef = E83CC10025F793CE00CEB6BB /* SceneDelegate.swift */; };
		E83CC10325F793CE00CEB6BB /* ViewController.swift in Sources */ = {isa = PBXBuildFile; fileRef = E83CC10225F793CE00CEB6BB /* ViewController.swift */; };
		E83CC10625F793CE00CEB6BB /* Main.storyboard in Resources */ = {isa = PBXBuildFile; fileRef = E83CC10425F793CE00CEB6BB /* Main.storyboard */; };
		E83CC10825F793CF00CEB6BB /* Assets.xcassets in Resources */ = {isa = PBXBuildFile; fileRef = E83CC10725F793CF00CEB6BB /* Assets.xcassets */; };
		E83CC10B25F793CF00CEB6BB /* LaunchScreen.storyboard in Resources */ = {isa = PBXBuildFile; fileRef = E83CC10925F793CF00CEB6BB /* LaunchScreen.storyboard */; };
/* End PBXBuildFile section */

/* Begin PBXFileReference section */
		E83CC0FB25F793CE00CEB6BB /* eSobiCart.app */ = {isa = PBXFileReference; explicitFileType = wrapper.application; includeInIndex = 0; path = eSobiCart.app; sourceTree = BUILT_PRODUCTS_DIR; };
		E83CC0FE25F793CE00CEB6BB /* AppDelegate.swift */ = {isa = PBXFileReference; lastKnownFileType = sourcecode.swift; path = AppDelegate.swift; sourceTree = "<group>"; };
		E83CC10025F793CE00CEB6BB /* SceneDelegate.swift */ = {isa = PBXFileReference; lastKnownFileType = sourcecode.swift; path = SceneDelegate.swift; sourceTree = "<group>"; };
		E83CC10225F793CE00CEB6BB /* ViewController.swift */ = {isa = PBXFileReference; lastKnownFileType = sourcecode.swift; path = ViewController.swift; sourceTree = "<group>"; };
		E83CC10525F793CE00CEB6BB /* Base */ = {isa = PBXFileReference; lastKnownFileType = file.storyboard; name = Base; path = Base.lproj/Main.storyboard; sourceTree = "<group>"; };
		E83CC10725F793CF00CEB6BB /* Assets.xcassets */ = {isa = PBXFileReference; lastKnownFileType = folder.assetcatalog; path = Assets.xcassets; sourceTree = "<group>"; };
		E83CC10A25F793CF00CEB6BB /* Base */ = {isa = PBXFileReference; lastKnownFileType = file.storyboard; name = Base; path = Base.lproj/LaunchScreen.storyboard; sourceTree = "<group>"; };
		E83CC10C25F793CF00CEB6BB /* Info.plist */ = {isa = PBXFileReference; lastKnownFileType = text.plist.xml; path = Info.plist; sourceTree = "<group>"; };
/* End PBXFileReference section */

/* Begin PBXFrameworksBuildPhase section */
		E83CC0F825F793CE00CEB6BB /* Frameworks */ = {
			isa = PBXFrameworksBuildPhase;
			buildActionMask = 2147483647;
			files = (
			);
			runOnlyForDeploymentPostprocessing = 0;
		};
/* End PBXFrameworksBuildPhase section */

/* Begin PBXGroup section */
		E83CC0F225F793CE00CEB6BB = {
			isa = PBXGroup;
			children = (
				E83CC0FD25F793CE00CEB6BB /* eSobiCart */,
				E83CC0FC25F793CE00CEB6BB /* Products */,
			);
			sourceTree = "<group>";
		};
		E83CC0FC25F793CE00CEB6BB /* Products */ = {
			isa = PBXGroup;
			children = (
				E83CC0FB25F793CE00CEB6BB /* eSobiCart.app */,
			);
			name = Products;
			sourceTree = "<group>";
		};
		E83CC0FD25F793CE00CEB6BB /* eSobiCart */ = {
			isa = PBXGroup;
			children = (
				E83CC0FE25F793CE00CEB6BB /* AppDelegate.swift */,
				E83CC10025F793CE00CEB6BB /* SceneDelegate.swift */,
				E83CC10225F793CE00CEB6BB /* ViewController.swift */,
				E83CC10425F793CE00CEB6BB /* Main.storyboard */,
				E83CC10725F793CF00CEB6BB /* Assets.xcassets */,
				E83CC10925F793CF00CEB6BB /* LaunchScreen.storyboard */,
				E83CC10C25F793CF00CEB6BB /* Info.plist */,
			);
			path = eSobiCart;
			sourceTree = "<group>";
		};
/* End PBXGroup section */

/* Begin PBXNativeTarget section */
		E83CC0FA25F793CE00CEB6BB /* eSobiCart */ = {
			isa = PBXNativeTarget;
			buildConfigurationList = E83CC10F25F793CF00CEB6BB /* Build configuration list for PBXNativeTarget "eSobiCart" */;
			buildPhases = (
				E83CC0F725F793CE00CEB6BB /* Sources */,
				E83CC0F825F793CE00CEB6BB /* Frameworks */,
				E83CC0F925F793CE00CEB6BB /* Resources */,
			);
			buildRules = (
			);
			dependencies = (
			);
			name = eSobiCart;
			productName = eSobiCart;
			productReference = E83CC0FB25F793CE00CEB6BB /* eSobiCart.app */;
			productType = "com.apple.product-type.application";
		};
/* End PBXNativeTarget section */

/* Begin PBXProject section */
		E83CC0F325F793CE00CEB6BB /* Project object */ = {
			isa = PBXProject;
			attributes = {
				LastSwiftUpdateCheck = 1240;
				LastUpgradeCheck = 1240;
				TargetAttributes = {
					E83CC0FA25F793CE00CEB6BB = {
						CreatedOnToolsVersion = 12.4;
					};
				};
			};
			buildConfigurationList = E83CC0F625F793CE00CEB6BB /* Build configuration list for PBXProject "eSobiCart" */;
			compatibilityVersion = "Xcode 9.3";
			developmentRegion = en;
			hasScannedForEncodings = 0;
			knownRegions = (
				en,
				Base,
			);
			mainGroup = E83CC0F225F793CE00CEB6BB;
			productRefGroup = E83CC0FC25F793CE00CEB6BB /* Products */;
			projectDirPath = "";
			projectRoot = "";
			targets = (
				E83CC0FA25F793CE00CEB6BB /* eSobiCart */,
			);
		};
/* End PBXProject section */

/* Begin PBXResourcesBuildPhase section */
		E83CC0F925F793CE00CEB6BB /* Resources */ = {
			isa = PBXResourcesBuildPhase;
			buildActionMask = 2147483647;
			files = (
				E83CC10B25F793CF00CEB6BB /* LaunchScreen.storyboard in Resources */,
				E83CC10825F793CF00CEB6BB /* Assets.xcassets in Resources */,
				E83CC10625F793CE00CEB6BB /* Main.storyboard in Resources */,
			);
			runOnlyForDeploymentPostprocessing = 0;
		};
/* End PBXResourcesBuildPhase section */

/* Begin PBXSourcesBuildPhase section */
		E83CC0F725F793CE00CEB6BB /* Sources */ = {
			isa = PBXSourcesBuildPhase;
			buildActionMask = 2147483647;
			files = (
				E83CC10325F793CE00CEB6BB /* ViewController.swift in Sources */,
				E83CC0FF25F793CE00CEB6BB /* AppDelegate.swift in Sources */,
				E83CC10125F793CE00CEB6BB /* SceneDelegate.swift in Sources */,
			);
			runOnlyForDeploymentPostprocessing = 0;
		};
/* End PBXSourcesBuildPhase section */

/* Begin PBXVariantGroup section */
		E83CC10425F793CE00CEB6BB /* Main.storyboard */ = {
			isa = PBXVariantGroup;
			children = (
				E83CC10525F793CE00CEB6BB /* Base */,
			);
			name = Main.storyboard;
			sourceTree = "<group>";
		};
		E83CC10925F793CF00CEB6BB /* LaunchScreen.storyboard */ = {
			isa = PBXVariantGroup;
			children = (
				E83CC10A25F793CF00CEB6BB /* Base */,
			);
			name = LaunchScreen.storyboard;
			sourceTree = "<group>";
		};
/* End PBXVariantGroup section */

/* Begin XCBuildConfiguration section */
		E83CC10D25F793CF00CEB6BB /* Debug */ = {
			isa = XCBuildConfiguration;
			buildSettings = {
				ALWAYS_SEARCH_USER_PATHS = NO;
				CLANG_ANALYZER_NONNULL = YES;
				CLANG_ANALYZER_NUMBER_OBJECT_CONVERSION = YES_AGGRESSIVE;
				CLANG_CXX_LANGUAGE_STANDARD = "gnu++14";
				CLANG_CXX_LIBRARY = "libc++";
				CLANG_ENABLE_MODULES = YES;
				CLANG_ENABLE_OBJC_ARC = YES;
				CLANG_ENABLE_OBJC_WEAK = YES;
				CLANG_WARN_BLOCK_CAPTURE_AUTORELEASING = YES;
				CLANG_WARN_BOOL_CONVERSION = YES;
				CLANG_WARN_COMMA = YES;
				CLANG_WARN_CONSTANT_CONVERSION = YES;
				CLANG_WARN_DEPRECATED_OBJC_IMPLEMENTATIONS = YES;
				CLANG_WARN_DIRECT_OBJC_ISA_USAGE = YES_ERROR;
				CLANG_WARN_DOCUMENTATION_COMMENTS = YES;
				CLANG_WARN_EMPTY_BODY = YES;
				CLANG_WARN_ENUM_CONVERSION = YES;
				CLANG_WARN_INFINITE_RECURSION = YES;
				CLANG_WARN_INT_CONVERSION = YES;
				CLANG_WARN_NON_LITERAL_NULL_CONVERSION = YES;
				CLANG_WARN_OBJC_IMPLICIT_RETAIN_SELF = YES;
				CLANG_WARN_OBJC_LITERAL_CONVERSION = YES;
				CLANG_WARN_OBJC_ROOT_CLASS = YES_ERROR;
				CLANG_WARN_QUOTED_INCLUDE_IN_FRAMEWORK_HEADER = YES;
				CLANG_WARN_RANGE_LOOP_ANALYSIS = YES;
				CLANG_WARN_STRICT_PROTOTYPES = YES;
				CLANG_WARN_SUSPICIOUS_MOVE = YES;
				CLANG_WARN_UNGUARDED_AVAILABILITY = YES_AGGRESSIVE;
				CLANG_WARN_UNREACHABLE_CODE = YES;
				CLANG_WARN__DUPLICATE_METHOD_MATCH = YES;
				COPY_PHASE_STRIP = NO;
				DEBUG_INFORMATION_FORMAT = dwarf;
				ENABLE_STRICT_OBJC_MSGSEND = YES;
				ENABLE_TESTABILITY = YES;
				GCC_C_LANGUAGE_STANDARD = gnu11;
				GCC_DYNAMIC_NO_PIC = NO;
				GCC_NO_COMMON_BLOCKS = YES;
				GCC_OPTIMIZATION_LEVEL = 0;
				GCC_PREPROCESSOR_DEFINITIONS = (
					"DEBUG=1",
					"$(inherited)",
				);
				GCC_WARN_64_TO_32_BIT_CONVERSION = YES;
				GCC_WARN_ABOUT_RETURN_TYPE = YES_ERROR;
				GCC_WARN_UNDECLARED_SELECTOR = YES;
				GCC_WARN_UNINITIALIZED_AUTOS = YES_AGGRESSIVE;
				GCC_WARN_UNUSED_FUNCTION = YES;
				GCC_WARN_UNUSED_VARIABLE = YES;
				IPHONEOS_DEPLOYMENT_TARGET = 14.4;
				MTL_ENABLE_DEBUG_INFO = INCLUDE_SOURCE;
				MTL_FAST_MATH = YES;
				ONLY_ACTIVE_ARCH = YES;
				SDKROOT = iphoneos;
				SWIFT_ACTIVE_COMPILATION_CONDITIONS = DEBUG;
				SWIFT_OPTIMIZATION_LEVEL = "-Onone";
			};
			name = Debug;
		};
		E83CC10E25F793CF00CEB6BB /* Release */ = {
			isa = XCBuildConfiguration;
			buildSettings = {
				ALWAYS_SEARCH_USER_PATHS = NO;
				CLANG_ANALYZER_NONNULL = YES;
				CLANG_ANALYZER_NUMBER_OBJECT_CONVERSION = YES_AGGRESSIVE;
				CLANG_CXX_LANGUAGE_STANDARD = "gnu++14";
				CLANG_CXX_LIBRARY = "libc++";
				CLANG_ENABLE_MODULES = YES;
				CLANG_ENABLE_OBJC_ARC = YES;
				CLANG_ENABLE_OBJC_WEAK = YES;
				CLANG_WARN_BLOCK_CAPTURE_AUTORELEASING = YES;
				CLANG_WARN_BOOL_CONVERSION = YES;
				CLANG_WARN_COMMA = YES;
				CLANG_WARN_CONSTANT_CONVERSION = YES;
				CLANG_WARN_DEPRECATED_OBJC_IMPLEMENTATIONS = YES;
				CLANG_WARN_DIRECT_OBJC_ISA_USAGE = YES_ERROR;
				CLANG_WARN_DOCUMENTATION_COMMENTS = YES;
				CLANG_WARN_EMPTY_BODY = YES;
				CLANG_WARN_ENUM_CONVERSION = YES;
				CLANG_WARN_INFINITE_RECURSION = YES;
				CLANG_WARN_INT_CONVERSION = YES;
				CLANG_WARN_NON_LITERAL_NULL_CONVERSION = YES;
				CLANG_WARN_OBJC_IMPLICIT_RETAIN_SELF = YES;
				CLANG_WARN_OBJC_LITERAL_CONVERSION = YES;
				CLANG_WARN_OBJC_ROOT_CLASS = YES_ERROR;
				CLANG_WARN_QUOTED_INCLUDE_IN_FRAMEWORK_HEADER = YES;
				CLANG_WARN_RANGE_LOOP_ANALYSIS = YES;
				CLANG_WARN_STRICT_PROTOTYPES = YES;
				CLANG_WARN_SUSPICIOUS_MOVE = YES;
				CLANG_WARN_UNGUARDED_AVAILABILITY = YES_AGGRESSIVE;
				CLANG_WARN_UNREACHABLE_CODE = YES;
				CLANG_WARN__DUPLICATE_METHOD_MATCH = YES;
				COPY_PHASE_STRIP = NO;
				DEBUG_INFORMATION_FORMAT = "dwarf-with-dsym";
				ENABLE_NS_ASSERTIONS = NO;
				ENABLE_STRICT_OBJC_MSGSEND = YES;
				GCC_C_LANGUAGE_STANDARD = gnu11;
				GCC_NO_COMMON_BLOCKS = YES;
				GCC_WARN_64_TO_32_BIT_CONVERSION = YES;
				GCC_WARN_ABOUT_RETURN_TYPE = YES_ERROR;
				GCC_WARN_UNDECLARED_SELECTOR = YES;
				GCC_WARN_UNINITIALIZED_AUTOS = YES_AGGRESSIVE;
				GCC_WARN_UNUSED_FUNCTION = YES;
				GCC_WARN_UNUSED_VARIABLE = YES;
				IPHONEOS_DEPLOYMENT_TARGET = 14.4;
				MTL_ENABLE_DEBUG_INFO = NO;
				MTL_FAST_MATH = YES;
				SDKROOT = iphoneos;
				SWIFT_COMPILATION_MODE = wholemodule;
				SWIFT_OPTIMIZATION_LEVEL = "-O";
				VALIDATE_PRODUCT = YES;
			};
			name = Release;
		};
		E83CC11025F793CF00CEB6BB /* Debug */ = {
			isa = XCBuildConfiguration;
			buildSettings = {
				ASSETCATALOG_COMPILER_APPICON_NAME = AppIcon;
				ASSETCATALOG_COMPILER_GLOBAL_ACCENT_COLOR_NAME = AccentColor;
				CODE_SIGN_STYLE = Automatic;
				INFOPLIST_FILE = eSobiCart/Info.plist;
				LD_RUNPATH_SEARCH_PATHS = (
					"$(inherited)",
					"@executable_path/Frameworks",
				);
				PRODUCT_BUNDLE_IDENTIFIER = pt.andywu.eSobiCart;
				PRODUCT_NAME = "$(TARGET_NAME)";
				SWIFT_VERSION = 5.0;
				TARGETED_DEVICE_FAMILY = "1,2";
			};
			name = Debug;
		};
		E83CC11125F793CF00CEB6BB /* Release */ = {
			isa = XCBuildConfiguration;
			buildSettings = {
				ASSETCATALOG_COMPILER_APPICON_NAME = AppIcon;
				ASSETCATALOG_COMPILER_GLOBAL_ACCENT_COLOR_NAME = AccentColor;
				CODE_SIGN_STYLE = Automatic;
				INFOPLIST_FILE = eSobiCart/Info.plist;
				LD_RUNPATH_SEARCH_PATHS = (
					"$(inherited)",
					"@executable_path/Frameworks",
				);
				PRODUCT_BUNDLE_IDENTIFIER = pt.andywu.eSobiCart;
				PRODUCT_NAME = "$(TARGET_NAME)";
				SWIFT_VERSION = 5.0;
				TARGETED_DEVICE_FAMILY = "1,2";
			};
			name = Release;
		};
/* End XCBuildConfiguration section */

/* Begin XCConfigurationList section */
		E83CC0F625F793CE00CEB6BB /* Build configuration list for PBXProject "eSobiCart" */ = {
			isa = XCConfigurationList;
			buildConfigurations = (
				E83CC10D25F793CF00CEB6BB /* Debug */,
				E83CC10E25F793CF00CEB6BB /* Release */,
			);
			defaultConfigurationIsVisible = 0;
			defaultConfigurationName = Release;
		};
		E83CC10F25F793CF00CEB6BB /* Build configuration list for PBXNativeTarget "eSobiCart" */ = {
			isa = XCConfigurationList;
			buildConfigurations = (
				E83CC11025F793CF00CEB6BB /* Debug */,
				E83CC11125F793CF00CEB6BB /* Release */,
			);
			defaultConfigurationIsVisible = 0;
			defaultConfigurationName = Release;
		};
/* End XCConfigurationList section */
	};
	rootObject = E83CC0F325F793CE00CEB6BB /* Project object */;
}
